
Microsoft Visual Studio Solution File, Format Version 12.00
# Visual Studio Version 17
VisualStudioVersion = 17.1.32328.378
MinimumVisualStudioVersion = 10.0.40219.1
Project("{FAE04EC0-301F-11D3-BF4B-00C04F79EFBC}") = "SpotifyApiWrapper", "SpotifyApiWrapper\SpotifyApiWrapper.csproj", "{9397D94C-95C2-4C98-9BCB-4C21AF604F68}"
EndProject
Global
	GlobalSection(SolutionConfigurationPlatforms) = preSolution
		Debug|Any CPU = Debug|Any CPU
		Release|Any CPU = Release|Any CPU
	EndGlobalSection
	GlobalSection(ProjectConfigurationPlatforms) = postSolution
		{9397D94C-95C2-4C98-9BCB-4C21AF604F68}.Debug|Any CPU.ActiveCfg = Debug|Any CPU
		{9397D94C-95C2-4C98-9BCB-4C21AF604F68}.Debug|Any CPU.Build.0 = Debug|Any CPU
		{9397D94C-95C2-4C98-9BCB-4C21AF604F68}.Release|Any CPU.ActiveCfg = Release|Any CPU
		{9397D94C-95C2-4C98-9BCB-4C21AF604F68}.Release|Any CPU.Build.0 = Release|Any CPU
	EndGlobalSection
	GlobalSection(SolutionProperties) = preSolution
		HideSolutionNode = FALSE
	EndGlobalSection
	GlobalSection(ExtensibilityGlobals) = postSolution
		SolutionGuid = {02E7B291-1B60-4DBA-A1E6-424A3121A20F}
	EndGlobalSection
EndGlobal
